
Microsoft Visual Studio Solution File, Format Version 12.00
# Visual Studio Version 17
VisualStudioVersion = 17.7.34031.279
MinimumVisualStudioVersion = 10.0.40219.1
Project("{9A19103F-16F7-4668-BE54-9A1E7A4F7556}") = "Arrays", "Arrays\Arrays.csproj", "{9940571A-F648-4204-9C76-D1E4D36CC01B}"
EndProject
Project("{9A19103F-16F7-4668-BE54-9A1E7A4F7556}") = "ReadableCode", "ReadableCode\ReadableCode.csproj", "{19FD8578-1B49-43A9-97FE-7E832D767AE1}"
EndProject
Project("{9A19103F-16F7-4668-BE54-9A1E7A4F7556}") = "Grades", "Grades\Grades.csproj", "{AB0C8BE6-62BC-4450-BF34-F58E06B8D2E1}"
EndProject
Project("{9A19103F-16F7-4668-BE54-9A1E7A4F7556}") = "Codeblocks", "Codeblocks\Codeblocks.csproj", "{6DCF6F80-6E60-4321-A198-A1D69A2E4420}"
EndProject
Project("{9A19103F-16F7-4668-BE54-9A1E7A4F7556}") = "SwitchExample", "SwitchExample\SwitchExample.csproj", "{623ABC99-2E74-4718-AE06-98C76995921E}"
EndProject
Project("{9A19103F-16F7-4668-BE54-9A1E7A4F7556}") = "BooleanExample", "BooleanExample\BooleanExample.csproj", "{EF66F439-E006-4B2C-975E-9E0891380C6D}"
EndProject
Project("{9A19103F-16F7-4668-BE54-9A1E7A4F7556}") = "FizzBuzz", "FizzBuzz\FizzBuzz.csproj", "{01DF9F84-5254-4FE7-BFD4-238A20DD051A}"
EndProject
Project("{9A19103F-16F7-4668-BE54-9A1E7A4F7556}") = "DoWhileLoops", "DoWhileLoops\DoWhileLoops.csproj", "{3C76E843-B623-41C9-B617-1D2AC6A7F47C}"
EndProject
Project("{9A19103F-16F7-4668-BE54-9A1E7A4F7556}") = "MonsterBattle", "MonsterBattle\MonsterBattle.csproj", "{61EC70CC-E2F7-4642-B7CB-D39311808D84}"
EndProject
Project("{9A19103F-16F7-4668-BE54-9A1E7A4F7556}") = "Pets", "Pets\Pets.csproj", "{4A5B27F3-17C0-4647-8C48-449E45F6046F}"
EndProject
Project("{9A19103F-16F7-4668-BE54-9A1E7A4F7556}") = "DataTypes", "DataTypes\DataTypes.csproj", "{8FCC8D21-2EEB-4F26-9F4D-CD917C0A6F22}"
EndProject
Project("{2150E333-8FDC-42A3-9474-1A3956D46DE8}") = "Solution Items", "Solution Items", "{7494B147-89AD-4B8D-990B-9184711A53CA}"
	ProjectSection(SolutionItems) = preProject
		README.md = README.md
	EndProjectSection
EndProject
Project("{FAE04EC0-301F-11D3-BF4B-00C04F79EFBC}") = "SortReverse", "SortReverse\SortReverse.csproj", "{B6393D3B-825E-4AE3-ABB7-BFA2498985AE}"
EndProject
Project("{FAE04EC0-301F-11D3-BF4B-00C04F79EFBC}") = "SplitJoin", "SplitJoin\SplitJoin.csproj", "{D5A2ED0F-4F30-46A9-8BA3-0C90CB98F067}"
EndProject
Project("{FAE04EC0-301F-11D3-BF4B-00C04F79EFBC}") = "Formatting", "Formatting\Formatting.csproj", "{66D705DB-1A01-4E7E-A17A-692551CF131F}"
EndProject
Global
	GlobalSection(SolutionConfigurationPlatforms) = preSolution
		Debug|Any CPU = Debug|Any CPU
		Release|Any CPU = Release|Any CPU
	EndGlobalSection
	GlobalSection(ProjectConfigurationPlatforms) = postSolution
		{9940571A-F648-4204-9C76-D1E4D36CC01B}.Debug|Any CPU.ActiveCfg = Debug|Any CPU
		{9940571A-F648-4204-9C76-D1E4D36CC01B}.Debug|Any CPU.Build.0 = Debug|Any CPU
		{9940571A-F648-4204-9C76-D1E4D36CC01B}.Release|Any CPU.ActiveCfg = Release|Any CPU
		{9940571A-F648-4204-9C76-D1E4D36CC01B}.Release|Any CPU.Build.0 = Release|Any CPU
		{19FD8578-1B49-43A9-97FE-7E832D767AE1}.Debug|Any CPU.ActiveCfg = Debug|Any CPU
		{19FD8578-1B49-43A9-97FE-7E832D767AE1}.Debug|Any CPU.Build.0 = Debug|Any CPU
		{19FD8578-1B49-43A9-97FE-7E832D767AE1}.Release|Any CPU.ActiveCfg = Release|Any CPU
		{19FD8578-1B49-43A9-97FE-7E832D767AE1}.Release|Any CPU.Build.0 = Release|Any CPU
		{AB0C8BE6-62BC-4450-BF34-F58E06B8D2E1}.Debug|Any CPU.ActiveCfg = Debug|Any CPU
		{AB0C8BE6-62BC-4450-BF34-F58E06B8D2E1}.Debug|Any CPU.Build.0 = Debug|Any CPU
		{AB0C8BE6-62BC-4450-BF34-F58E06B8D2E1}.Release|Any CPU.ActiveCfg = Release|Any CPU
		{AB0C8BE6-62BC-4450-BF34-F58E06B8D2E1}.Release|Any CPU.Build.0 = Release|Any CPU
		{6DCF6F80-6E60-4321-A198-A1D69A2E4420}.Debug|Any CPU.ActiveCfg = Debug|Any CPU
		{6DCF6F80-6E60-4321-A198-A1D69A2E4420}.Debug|Any CPU.Build.0 = Debug|Any CPU
		{6DCF6F80-6E60-4321-A198-A1D69A2E4420}.Release|Any CPU.ActiveCfg = Release|Any CPU
		{6DCF6F80-6E60-4321-A198-A1D69A2E4420}.Release|Any CPU.Build.0 = Release|Any CPU
		{623ABC99-2E74-4718-AE06-98C76995921E}.Debug|Any CPU.ActiveCfg = Debug|Any CPU
		{623ABC99-2E74-4718-AE06-98C76995921E}.Debug|Any CPU.Build.0 = Debug|Any CPU
		{623ABC99-2E74-4718-AE06-98C76995921E}.Release|Any CPU.ActiveCfg = Release|Any CPU
		{623ABC99-2E74-4718-AE06-98C76995921E}.Release|Any CPU.Build.0 = Release|Any CPU
		{EF66F439-E006-4B2C-975E-9E0891380C6D}.Debug|Any CPU.ActiveCfg = Debug|Any CPU
		{EF66F439-E006-4B2C-975E-9E0891380C6D}.Debug|Any CPU.Build.0 = Debug|Any CPU
		{EF66F439-E006-4B2C-975E-9E0891380C6D}.Release|Any CPU.ActiveCfg = Release|Any CPU
		{EF66F439-E006-4B2C-975E-9E0891380C6D}.Release|Any CPU.Build.0 = Release|Any CPU
		{01DF9F84-5254-4FE7-BFD4-238A20DD051A}.Debug|Any CPU.ActiveCfg = Debug|Any CPU
		{01DF9F84-5254-4FE7-BFD4-238A20DD051A}.Debug|Any CPU.Build.0 = Debug|Any CPU
		{01DF9F84-5254-4FE7-BFD4-238A20DD051A}.Release|Any CPU.ActiveCfg = Release|Any CPU
		{01DF9F84-5254-4FE7-BFD4-238A20DD051A}.Release|Any CPU.Build.0 = Release|Any CPU
		{3C76E843-B623-41C9-B617-1D2AC6A7F47C}.Debug|Any CPU.ActiveCfg = Debug|Any CPU
		{3C76E843-B623-41C9-B617-1D2AC6A7F47C}.Debug|Any CPU.Build.0 = Debug|Any CPU
		{3C76E843-B623-41C9-B617-1D2AC6A7F47C}.Release|Any CPU.ActiveCfg = Release|Any CPU
		{3C76E843-B623-41C9-B617-1D2AC6A7F47C}.Release|Any CPU.Build.0 = Release|Any CPU
		{61EC70CC-E2F7-4642-B7CB-D39311808D84}.Debug|Any CPU.ActiveCfg = Debug|Any CPU
		{61EC70CC-E2F7-4642-B7CB-D39311808D84}.Debug|Any CPU.Build.0 = Debug|Any CPU
		{61EC70CC-E2F7-4642-B7CB-D39311808D84}.Release|Any CPU.ActiveCfg = Release|Any CPU
		{61EC70CC-E2F7-4642-B7CB-D39311808D84}.Release|Any CPU.Build.0 = Release|Any CPU
		{4A5B27F3-17C0-4647-8C48-449E45F6046F}.Debug|Any CPU.ActiveCfg = Debug|Any CPU
		{4A5B27F3-17C0-4647-8C48-449E45F6046F}.Debug|Any CPU.Build.0 = Debug|Any CPU
		{4A5B27F3-17C0-4647-8C48-449E45F6046F}.Release|Any CPU.ActiveCfg = Release|Any CPU
		{4A5B27F3-17C0-4647-8C48-449E45F6046F}.Release|Any CPU.Build.0 = Release|Any CPU
		{8FCC8D21-2EEB-4F26-9F4D-CD917C0A6F22}.Debug|Any CPU.ActiveCfg = Debug|Any CPU
		{8FCC8D21-2EEB-4F26-9F4D-CD917C0A6F22}.Debug|Any CPU.Build.0 = Debug|Any CPU
		{8FCC8D21-2EEB-4F26-9F4D-CD917C0A6F22}.Release|Any CPU.ActiveCfg = Release|Any CPU
		{8FCC8D21-2EEB-4F26-9F4D-CD917C0A6F22}.Release|Any CPU.Build.0 = Release|Any CPU
		{B6393D3B-825E-4AE3-ABB7-BFA2498985AE}.Debug|Any CPU.ActiveCfg = Debug|Any CPU
		{B6393D3B-825E-4AE3-ABB7-BFA2498985AE}.Debug|Any CPU.Build.0 = Debug|Any CPU
		{B6393D3B-825E-4AE3-ABB7-BFA2498985AE}.Release|Any CPU.ActiveCfg = Release|Any CPU
		{B6393D3B-825E-4AE3-ABB7-BFA2498985AE}.Release|Any CPU.Build.0 = Release|Any CPU
		{D5A2ED0F-4F30-46A9-8BA3-0C90CB98F067}.Debug|Any CPU.ActiveCfg = Debug|Any CPU
		{D5A2ED0F-4F30-46A9-8BA3-0C90CB98F067}.Debug|Any CPU.Build.0 = Debug|Any CPU
		{D5A2ED0F-4F30-46A9-8BA3-0C90CB98F067}.Release|Any CPU.ActiveCfg = Release|Any CPU
		{D5A2ED0F-4F30-46A9-8BA3-0C90CB98F067}.Release|Any CPU.Build.0 = Release|Any CPU
		{66D705DB-1A01-4E7E-A17A-692551CF131F}.Debug|Any CPU.ActiveCfg = Debug|Any CPU
		{66D705DB-1A01-4E7E-A17A-692551CF131F}.Debug|Any CPU.Build.0 = Debug|Any CPU
		{66D705DB-1A01-4E7E-A17A-692551CF131F}.Release|Any CPU.ActiveCfg = Release|Any CPU
		{66D705DB-1A01-4E7E-A17A-692551CF131F}.Release|Any CPU.Build.0 = Release|Any CPU
	EndGlobalSection
	GlobalSection(SolutionProperties) = preSolution
		HideSolutionNode = FALSE
	EndGlobalSection
	GlobalSection(ExtensibilityGlobals) = postSolution
		SolutionGuid = {68689629-41CF-4B63-A7E8-62178B56DA32}
	EndGlobalSection
EndGlobal
